
Microsoft Visual Studio Solution File, Format Version 12.00
# Visual Studio Version 16
VisualStudioVersion = 16.0.30804.86
MinimumVisualStudioVersion = 10.0.40219.1
Project("{FAE04EC0-301F-11D3-BF4B-00C04F79EFBC}") = "CryptoThesisAPICaller", "CryptoThesisAPICaller\CryptoThesisAPICaller.csproj", "{64977524-9F97-4447-A097-609D998F27C6}"
EndProject
Global
	GlobalSection(SolutionConfigurationPlatforms) = preSolution
		Debug|Any CPU = Debug|Any CPU
		Release|Any CPU = Release|Any CPU
	EndGlobalSection
	GlobalSection(ProjectConfigurationPlatforms) = postSolution
		{64977524-9F97-4447-A097-609D998F27C6}.Debug|Any CPU.ActiveCfg = Debug|Any CPU
		{64977524-9F97-4447-A097-609D998F27C6}.Debug|Any CPU.Build.0 = Debug|Any CPU
		{64977524-9F97-4447-A097-609D998F27C6}.Release|Any CPU.ActiveCfg = Release|Any CPU
		{64977524-9F97-4447-A097-609D998F27C6}.Release|Any CPU.Build.0 = Release|Any CPU
	EndGlobalSection
	GlobalSection(SolutionProperties) = preSolution
		HideSolutionNode = FALSE
	EndGlobalSection
	GlobalSection(ExtensibilityGlobals) = postSolution
		SolutionGuid = {5B80EA15-8910-4F1F-8222-5FA9D1518494}
	EndGlobalSection
EndGlobal
